
Microsoft Visual Studio Solution File, Format Version 12.00
# Visual Studio Version 17
VisualStudioVersion = 17.0.32126.317
MinimumVisualStudioVersion = 10.0.40219.1
Project("{FAE04EC0-301F-11D3-BF4B-00C04F79EFBC}") = "AdventOfCodeDay24", "AdventOfCodeDay24.csproj", "{D4040B93-893F-428E-874D-1EB4731391E6}"
EndProject
Global
	GlobalSection(SolutionConfigurationPlatforms) = preSolution
		Debug|Any CPU = Debug|Any CPU
		Release|Any CPU = Release|Any CPU
	EndGlobalSection
	GlobalSection(ProjectConfigurationPlatforms) = postSolution
		{D4040B93-893F-428E-874D-1EB4731391E6}.Debug|Any CPU.ActiveCfg = Debug|Any CPU
		{D4040B93-893F-428E-874D-1EB4731391E6}.Debug|Any CPU.Build.0 = Debug|Any CPU
		{D4040B93-893F-428E-874D-1EB4731391E6}.Release|Any CPU.ActiveCfg = Release|Any CPU
		{D4040B93-893F-428E-874D-1EB4731391E6}.Release|Any CPU.Build.0 = Release|Any CPU
	EndGlobalSection
	GlobalSection(SolutionProperties) = preSolution
		HideSolutionNode = FALSE
	EndGlobalSection
	GlobalSection(ExtensibilityGlobals) = postSolution
		SolutionGuid = {5D7DC7B0-1D29-478B-BD84-0637AF9D32DE}
	EndGlobalSection
EndGlobal
